// !$*UTF8*$!
{
	archiveVersion = 1;
	classes = {
	};
	objectVersion = 55;
	objects = {

/* Begin PBXBuildFile section */
		38A195872844EB7800ABB9A7 /* ButtonData.swift in Sources */ = {isa = PBXBuildFile; fileRef = 38A195862844EB7800ABB9A7 /* ButtonData.swift */; };
		38A1958E2844FE2200ABB9A7 /* NumberFormat.swift in Sources */ = {isa = PBXBuildFile; fileRef = 38A1958D2844FE2200ABB9A7 /* NumberFormat.swift */; };
		38A6E2E128432317007CF7E0 /* CalculatorCloneApp.swift in Sources */ = {isa = PBXBuildFile; fileRef = 38A6E2E028432317007CF7E0 /* CalculatorCloneApp.swift */; };
		38A6E2E328432317007CF7E0 /* ContentView.swift in Sources */ = {isa = PBXBuildFile; fileRef = 38A6E2E228432317007CF7E0 /* ContentView.swift */; };
		38A6E2E528432318007CF7E0 /* Assets.xcassets in Resources */ = {isa = PBXBuildFile; fileRef = 38A6E2E428432318007CF7E0 /* Assets.xcassets */; };
		38A6E2E828432318007CF7E0 /* Preview Assets.xcassets in Resources */ = {isa = PBXBuildFile; fileRef = 38A6E2E728432318007CF7E0 /* Preview Assets.xcassets */; };
		38A6E2F328433202007CF7E0 /* .swiftlint.yml in Resources */ = {isa = PBXBuildFile; fileRef = 38A6E2F228433202007CF7E0 /* .swiftlint.yml */; };
		38A6E2F5284341CC007CF7E0 /* CalculatorButton.swift in Sources */ = {isa = PBXBuildFile; fileRef = 38A6E2F4284341CC007CF7E0 /* CalculatorButton.swift */; };
		38A6E2F728435638007CF7E0 /* ColorData.swift in Sources */ = {isa = PBXBuildFile; fileRef = 38A6E2F628435638007CF7E0 /* ColorData.swift */; };
		E44E6B022D47089FC049D6B0 /* Pods_CalculatorClone.framework in Frameworks */ = {isa = PBXBuildFile; fileRef = CC484041F64FE1FBDA02501A /* Pods_CalculatorClone.framework */; };
/* End PBXBuildFile section */

/* Begin PBXFileReference section */
		166AA91C9B43A841194928E7 /* Pods-CalculatorClone.debug.xcconfig */ = {isa = PBXFileReference; includeInIndex = 1; lastKnownFileType = text.xcconfig; name = "Pods-CalculatorClone.debug.xcconfig"; path = "Target Support Files/Pods-CalculatorClone/Pods-CalculatorClone.debug.xcconfig"; sourceTree = "<group>"; };
		38A195862844EB7800ABB9A7 /* ButtonData.swift */ = {isa = PBXFileReference; lastKnownFileType = sourcecode.swift; path = ButtonData.swift; sourceTree = "<group>"; };
		38A1958D2844FE2200ABB9A7 /* NumberFormat.swift */ = {isa = PBXFileReference; lastKnownFileType = sourcecode.swift; path = NumberFormat.swift; sourceTree = "<group>"; };
		38A6E2DD28432317007CF7E0 /* CalculatorClone.app */ = {isa = PBXFileReference; explicitFileType = wrapper.application; includeInIndex = 0; path = CalculatorClone.app; sourceTree = BUILT_PRODUCTS_DIR; };
		38A6E2E028432317007CF7E0 /* CalculatorCloneApp.swift */ = {isa = PBXFileReference; lastKnownFileType = sourcecode.swift; path = CalculatorCloneApp.swift; sourceTree = "<group>"; };
		38A6E2E228432317007CF7E0 /* ContentView.swift */ = {isa = PBXFileReference; lastKnownFileType = sourcecode.swift; path = ContentView.swift; sourceTree = "<group>"; };
		38A6E2E428432318007CF7E0 /* Assets.xcassets */ = {isa = PBXFileReference; lastKnownFileType = folder.assetcatalog; path = Assets.xcassets; sourceTree = "<group>"; };
		38A6E2E728432318007CF7E0 /* Preview Assets.xcassets */ = {isa = PBXFileReference; lastKnownFileType = folder.assetcatalog; path = "Preview Assets.xcassets"; sourceTree = "<group>"; };
		38A6E2F228433202007CF7E0 /* .swiftlint.yml */ = {isa = PBXFileReference; lastKnownFileType = text.yaml; path = .swiftlint.yml; sourceTree = "<group>"; };
		38A6E2F4284341CC007CF7E0 /* CalculatorButton.swift */ = {isa = PBXFileReference; lastKnownFileType = sourcecode.swift; path = CalculatorButton.swift; sourceTree = "<group>"; };
		38A6E2F628435638007CF7E0 /* ColorData.swift */ = {isa = PBXFileReference; lastKnownFileType = sourcecode.swift; path = ColorData.swift; sourceTree = "<group>"; };
		CC484041F64FE1FBDA02501A /* Pods_CalculatorClone.framework */ = {isa = PBXFileReference; explicitFileType = wrapper.framework; includeInIndex = 0; path = Pods_CalculatorClone.framework; sourceTree = BUILT_PRODUCTS_DIR; };
		E44E486E6391EAE1D6CA7C7C /* Pods-CalculatorClone.release.xcconfig */ = {isa = PBXFileReference; includeInIndex = 1; lastKnownFileType = text.xcconfig; name = "Pods-CalculatorClone.release.xcconfig"; path = "Target Support Files/Pods-CalculatorClone/Pods-CalculatorClone.release.xcconfig"; sourceTree = "<group>"; };
/* End PBXFileReference section */

/* Begin PBXFrameworksBuildPhase section */
		38A6E2DA28432317007CF7E0 /* Frameworks */ = {
			isa = PBXFrameworksBuildPhase;
			buildActionMask = 2147483647;
			files = (
				E44E6B022D47089FC049D6B0 /* Pods_CalculatorClone.framework in Frameworks */,
			);
			runOnlyForDeploymentPostprocessing = 0;
		};
/* End PBXFrameworksBuildPhase section */

/* Begin PBXGroup section */
		16563D77239D0BE69684DEF1 /* Frameworks */ = {
			isa = PBXGroup;
			children = (
				CC484041F64FE1FBDA02501A /* Pods_CalculatorClone.framework */,
			);
			name = Frameworks;
			sourceTree = "<group>";
		};
		38A1958C2844F7BF00ABB9A7 /* Data */ = {
			isa = PBXGroup;
			children = (
				38A6E2F628435638007CF7E0 /* ColorData.swift */,
				38A195862844EB7800ABB9A7 /* ButtonData.swift */,
				38A1958D2844FE2200ABB9A7 /* NumberFormat.swift */,
			);
			path = Data;
			sourceTree = "<group>";
		};
		38A6E2D428432317007CF7E0 = {
			isa = PBXGroup;
			children = (
				38A6E2F228433202007CF7E0 /* .swiftlint.yml */,
				38A6E2DF28432317007CF7E0 /* CalculatorClone */,
				38A6E2DE28432317007CF7E0 /* Products */,
				983CBFA2CBF76E5BC9CFF2CE /* Pods */,
				16563D77239D0BE69684DEF1 /* Frameworks */,
			);
			sourceTree = "<group>";
		};
		38A6E2DE28432317007CF7E0 /* Products */ = {
			isa = PBXGroup;
			children = (
				38A6E2DD28432317007CF7E0 /* CalculatorClone.app */,
			);
			name = Products;
			sourceTree = "<group>";
		};
		38A6E2DF28432317007CF7E0 /* CalculatorClone */ = {
			isa = PBXGroup;
			children = (
				38A1958C2844F7BF00ABB9A7 /* Data */,
				38A6E2F4284341CC007CF7E0 /* CalculatorButton.swift */,
				38A6E2E028432317007CF7E0 /* CalculatorCloneApp.swift */,
				38A6E2E228432317007CF7E0 /* ContentView.swift */,
				38A6E2E428432318007CF7E0 /* Assets.xcassets */,
			);
			path = CalculatorClone;
			sourceTree = "<group>";
		};
		38A6E2E628432318007CF7E0 /* Preview Content */ = {
			isa = PBXGroup;
			children = (
				38A6E2E728432318007CF7E0 /* Preview Assets.xcassets */,
			);
			path = "Preview Content";
			sourceTree = "<group>";
		};
		983CBFA2CBF76E5BC9CFF2CE /* Pods */ = {
			isa = PBXGroup;
			children = (
				38A6E2E628432318007CF7E0 /* Preview Content */,
				166AA91C9B43A841194928E7 /* Pods-CalculatorClone.debug.xcconfig */,
				E44E486E6391EAE1D6CA7C7C /* Pods-CalculatorClone.release.xcconfig */,
			);
			path = Pods;
			sourceTree = "<group>";
		};
/* End PBXGroup section */

/* Begin PBXNativeTarget section */
		38A6E2DC28432317007CF7E0 /* CalculatorClone */ = {
			isa = PBXNativeTarget;
			buildConfigurationList = 38A6E2EB28432318007CF7E0 /* Build configuration list for PBXNativeTarget "CalculatorClone" */;
			buildPhases = (
				02F60E2AFD3832DF3A51EF36 /* [CP] Check Pods Manifest.lock */,
				38A6E2F128432BFA007CF7E0 /* SwiftLint Script */,
				38A6E2D928432317007CF7E0 /* Sources */,
				38A6E2DA28432317007CF7E0 /* Frameworks */,
				38A6E2DB28432317007CF7E0 /* Resources */,
			);
			buildRules = (
			);
			dependencies = (
			);
			name = CalculatorClone;
			productName = CalculatorClone;
			productReference = 38A6E2DD28432317007CF7E0 /* CalculatorClone.app */;
			productType = "com.apple.product-type.application";
		};
/* End PBXNativeTarget section */

/* Begin PBXProject section */
		38A6E2D528432317007CF7E0 /* Project object */ = {
			isa = PBXProject;
			attributes = {
				BuildIndependentTargetsInParallel = 1;
				LastSwiftUpdateCheck = 1340;
				LastUpgradeCheck = 1340;
				TargetAttributes = {
					38A6E2DC28432317007CF7E0 = {
						CreatedOnToolsVersion = 13.4;
					};
				};
			};
			buildConfigurationList = 38A6E2D828432317007CF7E0 /* Build configuration list for PBXProject "CalculatorClone" */;
			compatibilityVersion = "Xcode 13.0";
			developmentRegion = en;
			hasScannedForEncodings = 0;
			knownRegions = (
				en,
				Base,
			);
			mainGroup = 38A6E2D428432317007CF7E0;
			productRefGroup = 38A6E2DE28432317007CF7E0 /* Products */;
			projectDirPath = "";
			projectRoot = "";
			targets = (
				38A6E2DC28432317007CF7E0 /* CalculatorClone */,
			);
		};
/* End PBXProject section */

/* Begin PBXResourcesBuildPhase section */
		38A6E2DB28432317007CF7E0 /* Resources */ = {
			isa = PBXResourcesBuildPhase;
			buildActionMask = 2147483647;
			files = (
				38A6E2F328433202007CF7E0 /* .swiftlint.yml in Resources */,
				38A6E2E828432318007CF7E0 /* Preview Assets.xcassets in Resources */,
				38A6E2E528432318007CF7E0 /* Assets.xcassets in Resources */,
			);
			runOnlyForDeploymentPostprocessing = 0;
		};
/* End PBXResourcesBuildPhase section */

/* Begin PBXShellScriptBuildPhase section */
		02F60E2AFD3832DF3A51EF36 /* [CP] Check Pods Manifest.lock */ = {
			isa = PBXShellScriptBuildPhase;
			buildActionMask = 2147483647;
			files = (
			);
			inputFileListPaths = (
			);
			inputPaths = (
				"${PODS_PODFILE_DIR_PATH}/Podfile.lock",
				"${PODS_ROOT}/Manifest.lock",
			);
			name = "[CP] Check Pods Manifest.lock";
			outputFileListPaths = (
			);
			outputPaths = (
				"$(DERIVED_FILE_DIR)/Pods-CalculatorClone-checkManifestLockResult.txt",
			);
			runOnlyForDeploymentPostprocessing = 0;
			shellPath = /bin/sh;
			shellScript = "diff \"${PODS_PODFILE_DIR_PATH}/Podfile.lock\" \"${PODS_ROOT}/Manifest.lock\" > /dev/null\nif [ $? != 0 ] ; then\n    # print error to STDERR\n    echo \"error: The sandbox is not in sync with the Podfile.lock. Run 'pod install' or update your CocoaPods installation.\" >&2\n    exit 1\nfi\n# This output is used by Xcode 'outputs' to avoid re-running this script phase.\necho \"SUCCESS\" > \"${SCRIPT_OUTPUT_FILE_0}\"\n";
			showEnvVarsInLog = 0;
		};
		38A6E2F128432BFA007CF7E0 /* SwiftLint Script */ = {
			isa = PBXShellScriptBuildPhase;
			buildActionMask = 2147483647;
			files = (
			);
			inputFileListPaths = (
			);
			inputPaths = (
			);
			name = "SwiftLint Script";
			outputFileListPaths = (
			);
			outputPaths = (
			);
			runOnlyForDeploymentPostprocessing = 0;
			shellPath = /bin/sh;
			shellScript = "export PATH=\"$PATH:/opt/homebrew/bin\"\nif which swiftlint > /dev/null; then\n  swiftlint\nelse\n  echo \"warning: SwiftLint not installed, download from https://github.com/realm/SwiftLint\"\nfi\n";
		};
/* End PBXShellScriptBuildPhase section */

/* Begin PBXSourcesBuildPhase section */
		38A6E2D928432317007CF7E0 /* Sources */ = {
			isa = PBXSourcesBuildPhase;
			buildActionMask = 2147483647;
			files = (
				38A195872844EB7800ABB9A7 /* ButtonData.swift in Sources */,
				38A6E2E328432317007CF7E0 /* ContentView.swift in Sources */,
				38A6E2F5284341CC007CF7E0 /* CalculatorButton.swift in Sources */,
				38A1958E2844FE2200ABB9A7 /* NumberFormat.swift in Sources */,
				38A6E2E128432317007CF7E0 /* CalculatorCloneApp.swift in Sources */,
				38A6E2F728435638007CF7E0 /* ColorData.swift in Sources */,
			);
			runOnlyForDeploymentPostprocessing = 0;
		};
/* End PBXSourcesBuildPhase section */

/* Begin XCBuildConfiguration section */
		38A6E2E928432318007CF7E0 /* Debug */ = {
			isa = XCBuildConfiguration;
			buildSettings = {
				ALWAYS_SEARCH_USER_PATHS = NO;
				CLANG_ANALYZER_NONNULL = YES;
				CLANG_ANALYZER_NUMBER_OBJECT_CONVERSION = YES_AGGRESSIVE;
				CLANG_CXX_LANGUAGE_STANDARD = "gnu++17";
				CLANG_ENABLE_MODULES = YES;
				CLANG_ENABLE_OBJC_ARC = YES;
				CLANG_ENABLE_OBJC_WEAK = YES;
				CLANG_WARN_BLOCK_CAPTURE_AUTORELEASING = YES;
				CLANG_WARN_BOOL_CONVERSION = YES;
				CLANG_WARN_COMMA = YES;
				CLANG_WARN_CONSTANT_CONVERSION = YES;
				CLANG_WARN_DEPRECATED_OBJC_IMPLEMENTATIONS = YES;
				CLANG_WARN_DIRECT_OBJC_ISA_USAGE = YES_ERROR;
				CLANG_WARN_DOCUMENTATION_COMMENTS = YES;
				CLANG_WARN_EMPTY_BODY = YES;
				CLANG_WARN_ENUM_CONVERSION = YES;
				CLANG_WARN_INFINITE_RECURSION = YES;
				CLANG_WARN_INT_CONVERSION = YES;
				CLANG_WARN_NON_LITERAL_NULL_CONVERSION = YES;
				CLANG_WARN_OBJC_IMPLICIT_RETAIN_SELF = YES;
				CLANG_WARN_OBJC_LITERAL_CONVERSION = YES;
				CLANG_WARN_OBJC_ROOT_CLASS = YES_ERROR;
				CLANG_WARN_QUOTED_INCLUDE_IN_FRAMEWORK_HEADER = YES;
				CLANG_WARN_RANGE_LOOP_ANALYSIS = YES;
				CLANG_WARN_STRICT_PROTOTYPES = YES;
				CLANG_WARN_SUSPICIOUS_MOVE = YES;
				CLANG_WARN_UNGUARDED_AVAILABILITY = YES_AGGRESSIVE;
				CLANG_WARN_UNREACHABLE_CODE = YES;
				CLANG_WARN__DUPLICATE_METHOD_MATCH = YES;
				COPY_PHASE_STRIP = NO;
				DEBUG_INFORMATION_FORMAT = dwarf;
				ENABLE_STRICT_OBJC_MSGSEND = YES;
				ENABLE_TESTABILITY = YES;
				GCC_C_LANGUAGE_STANDARD = gnu11;
				GCC_DYNAMIC_NO_PIC = NO;
				GCC_NO_COMMON_BLOCKS = YES;
				GCC_OPTIMIZATION_LEVEL = 0;
				GCC_PREPROCESSOR_DEFINITIONS = (
					"DEBUG=1",
					"$(inherited)",
				);
				GCC_WARN_64_TO_32_BIT_CONVERSION = YES;
				GCC_WARN_ABOUT_RETURN_TYPE = YES_ERROR;
				GCC_WARN_UNDECLARED_SELECTOR = YES;
				GCC_WARN_UNINITIALIZED_AUTOS = YES_AGGRESSIVE;
				GCC_WARN_UNUSED_FUNCTION = YES;
				GCC_WARN_UNUSED_VARIABLE = YES;
				IPHONEOS_DEPLOYMENT_TARGET = 15.5;
				MTL_ENABLE_DEBUG_INFO = INCLUDE_SOURCE;
				MTL_FAST_MATH = YES;
				ONLY_ACTIVE_ARCH = YES;
				SDKROOT = iphoneos;
				SWIFT_ACTIVE_COMPILATION_CONDITIONS = DEBUG;
				SWIFT_OPTIMIZATION_LEVEL = "-Onone";
			};
			name = Debug;
		};
		38A6E2EA28432318007CF7E0 /* Release */ = {
			isa = XCBuildConfiguration;
			buildSettings = {
				ALWAYS_SEARCH_USER_PATHS = NO;
				CLANG_ANALYZER_NONNULL = YES;
				CLANG_ANALYZER_NUMBER_OBJECT_CONVERSION = YES_AGGRESSIVE;
				CLANG_CXX_LANGUAGE_STANDARD = "gnu++17";
				CLANG_ENABLE_MODULES = YES;
				CLANG_ENABLE_OBJC_ARC = YES;
				CLANG_ENABLE_OBJC_WEAK = YES;
				CLANG_WARN_BLOCK_CAPTURE_AUTORELEASING = YES;
				CLANG_WARN_BOOL_CONVERSION = YES;
				CLANG_WARN_COMMA = YES;
				CLANG_WARN_CONSTANT_CONVERSION = YES;
				CLANG_WARN_DEPRECATED_OBJC_IMPLEMENTATIONS = YES;
				CLANG_WARN_DIRECT_OBJC_ISA_USAGE = YES_ERROR;
				CLANG_WARN_DOCUMENTATION_COMMENTS = YES;
				CLANG_WARN_EMPTY_BODY = YES;
				CLANG_WARN_ENUM_CONVERSION = YES;
				CLANG_WARN_INFINITE_RECURSION = YES;
				CLANG_WARN_INT_CONVERSION = YES;
				CLANG_WARN_NON_LITERAL_NULL_CONVERSION = YES;
				CLANG_WARN_OBJC_IMPLICIT_RETAIN_SELF = YES;
				CLANG_WARN_OBJC_LITERAL_CONVERSION = YES;
				CLANG_WARN_OBJC_ROOT_CLASS = YES_ERROR;
				CLANG_WARN_QUOTED_INCLUDE_IN_FRAMEWORK_HEADER = YES;
				CLANG_WARN_RANGE_LOOP_ANALYSIS = YES;
				CLANG_WARN_STRICT_PROTOTYPES = YES;
				CLANG_WARN_SUSPICIOUS_MOVE = YES;
				CLANG_WARN_UNGUARDED_AVAILABILITY = YES_AGGRESSIVE;
				CLANG_WARN_UNREACHABLE_CODE = YES;
				CLANG_WARN__DUPLICATE_METHOD_MATCH = YES;
				COPY_PHASE_STRIP = NO;
				DEBUG_INFORMATION_FORMAT = "dwarf-with-dsym";
				ENABLE_NS_ASSERTIONS = NO;
				ENABLE_STRICT_OBJC_MSGSEND = YES;
				GCC_C_LANGUAGE_STANDARD = gnu11;
				GCC_NO_COMMON_BLOCKS = YES;
				GCC_WARN_64_TO_32_BIT_CONVERSION = YES;
				GCC_WARN_ABOUT_RETURN_TYPE = YES_ERROR;
				GCC_WARN_UNDECLARED_SELECTOR = YES;
				GCC_WARN_UNINITIALIZED_AUTOS = YES_AGGRESSIVE;
				GCC_WARN_UNUSED_FUNCTION = YES;
				GCC_WARN_UNUSED_VARIABLE = YES;
				IPHONEOS_DEPLOYMENT_TARGET = 15.5;
				MTL_ENABLE_DEBUG_INFO = NO;
				MTL_FAST_MATH = YES;
				SDKROOT = iphoneos;
				SWIFT_COMPILATION_MODE = wholemodule;
				SWIFT_OPTIMIZATION_LEVEL = "-O";
				VALIDATE_PRODUCT = YES;
			};
			name = Release;
		};
		38A6E2EC28432318007CF7E0 /* Debug */ = {
			isa = XCBuildConfiguration;
			baseConfigurationReference = 166AA91C9B43A841194928E7 /* Pods-CalculatorClone.debug.xcconfig */;
			buildSettings = {
				ASSETCATALOG_COMPILER_APPICON_NAME = AppIcon;
				ASSETCATALOG_COMPILER_GLOBAL_ACCENT_COLOR_NAME = AccentColor;
				CODE_SIGN_STYLE = Automatic;
				CURRENT_PROJECT_VERSION = 1;
				DEVELOPMENT_ASSET_PATHS = "";
				DEVELOPMENT_TEAM = 82DRSFKFS9;
				ENABLE_PREVIEWS = YES;
				GENERATE_INFOPLIST_FILE = YES;
				INFOPLIST_KEY_UIApplicationSceneManifest_Generation = YES;
				INFOPLIST_KEY_UIApplicationSupportsIndirectInputEvents = YES;
				INFOPLIST_KEY_UILaunchScreen_Generation = YES;
				INFOPLIST_KEY_UISupportedInterfaceOrientations_iPad = "UIInterfaceOrientationPortrait UIInterfaceOrientationPortraitUpsideDown UIInterfaceOrientationLandscapeLeft UIInterfaceOrientationLandscapeRight";
				INFOPLIST_KEY_UISupportedInterfaceOrientations_iPhone = "UIInterfaceOrientationPortrait UIInterfaceOrientationLandscapeLeft UIInterfaceOrientationLandscapeRight";
				LD_RUNPATH_SEARCH_PATHS = (
					"$(inherited)",
					"@executable_path/Frameworks",
				);
				MARKETING_VERSION = 1.0;
				PRODUCT_BUNDLE_IDENTIFIER = com.jisoo.CalculatorClone;
				PRODUCT_NAME = "$(TARGET_NAME)";
				SWIFT_EMIT_LOC_STRINGS = YES;
				SWIFT_VERSION = 5.0;
				TARGETED_DEVICE_FAMILY = "1,2";
			};
			name = Debug;
		};
		38A6E2ED28432318007CF7E0 /* Release */ = {
			isa = XCBuildConfiguration;
			baseConfigurationReference = E44E486E6391EAE1D6CA7C7C /* Pods-CalculatorClone.release.xcconfig */;
			buildSettings = {
				ASSETCATALOG_COMPILER_APPICON_NAME = AppIcon;
				ASSETCATALOG_COMPILER_GLOBAL_ACCENT_COLOR_NAME = AccentColor;
				CODE_SIGN_STYLE = Automatic;
				CURRENT_PROJECT_VERSION = 1;
				DEVELOPMENT_ASSET_PATHS = "";
				DEVELOPMENT_TEAM = 82DRSFKFS9;
				ENABLE_PREVIEWS = YES;
				GENERATE_INFOPLIST_FILE = YES;
				INFOPLIST_KEY_UIApplicationSceneManifest_Generation = YES;
				INFOPLIST_KEY_UIApplicationSupportsIndirectInputEvents = YES;
				INFOPLIST_KEY_UILaunchScreen_Generation = YES;
				INFOPLIST_KEY_UISupportedInterfaceOrientations_iPad = "UIInterfaceOrientationPortrait UIInterfaceOrientationPortraitUpsideDown UIInterfaceOrientationLandscapeLeft UIInterfaceOrientationLandscapeRight";
				INFOPLIST_KEY_UISupportedInterfaceOrientations_iPhone = "UIInterfaceOrientationPortrait UIInterfaceOrientationLandscapeLeft UIInterfaceOrientationLandscapeRight";
				LD_RUNPATH_SEARCH_PATHS = (
					"$(inherited)",
					"@executable_path/Frameworks",
				);
				MARKETING_VERSION = 1.0;
				PRODUCT_BUNDLE_IDENTIFIER = com.jisoo.CalculatorClone;
				PRODUCT_NAME = "$(TARGET_NAME)";
				SWIFT_EMIT_LOC_STRINGS = YES;
				SWIFT_VERSION = 5.0;
				TARGETED_DEVICE_FAMILY = "1,2";
			};
			name = Release;
		};
/* End XCBuildConfiguration section */

/* Begin XCConfigurationList section */
		38A6E2D828432317007CF7E0 /* Build configuration list for PBXProject "CalculatorClone" */ = {
			isa = XCConfigurationList;
			buildConfigurations = (
				38A6E2E928432318007CF7E0 /* Debug */,
				38A6E2EA28432318007CF7E0 /* Release */,
			);
			defaultConfigurationIsVisible = 0;
			defaultConfigurationName = Release;
		};
		38A6E2EB28432318007CF7E0 /* Build configuration list for PBXNativeTarget "CalculatorClone" */ = {
			isa = XCConfigurationList;
			buildConfigurations = (
				38A6E2EC28432318007CF7E0 /* Debug */,
				38A6E2ED28432318007CF7E0 /* Release */,
			);
			defaultConfigurationIsVisible = 0;
			defaultConfigurationName = Release;
		};
/* End XCConfigurationList section */
	};
	rootObject = 38A6E2D528432317007CF7E0 /* Project object */;
}
